
Microsoft Visual Studio Solution File, Format Version 12.00
# Visual Studio Version 16
VisualStudioVersion = 16.0.29424.173
MinimumVisualStudioVersion = 10.0.40219.1
Project("{FAE04EC0-301F-11D3-BF4B-00C04F79EFBC}") = "InventoryApplication", "InventoryApplication.csproj", "{62091837-7538-47E7-BCA8-6833DFAC474C}"
EndProject
Global
	GlobalSection(SolutionConfigurationPlatforms) = preSolution
		Debug|Any CPU = Debug|Any CPU
		Release|Any CPU = Release|Any CPU
	EndGlobalSection
	GlobalSection(ProjectConfigurationPlatforms) = postSolution
		{62091837-7538-47E7-BCA8-6833DFAC474C}.Debug|Any CPU.ActiveCfg = Debug|Any CPU
		{62091837-7538-47E7-BCA8-6833DFAC474C}.Debug|Any CPU.Build.0 = Debug|Any CPU
		{62091837-7538-47E7-BCA8-6833DFAC474C}.Release|Any CPU.ActiveCfg = Release|Any CPU
		{62091837-7538-47E7-BCA8-6833DFAC474C}.Release|Any CPU.Build.0 = Release|Any CPU
	EndGlobalSection
	GlobalSection(SolutionProperties) = preSolution
		HideSolutionNode = FALSE
	EndGlobalSection
	GlobalSection(ExtensibilityGlobals) = postSolution
		SolutionGuid = {C8C221AF-8C34-469C-84A7-6163E781CA66}
	EndGlobalSection
EndGlobal
